{
  "name": "matt0946.github.io",
  "version": "1.0.0",
  "lockfileVersion": 1,
  "requires": true,
  "dependencies": {
    "@camwiegert/typical": {
      "version": "0.1.1",
      "resolved": "https://registry.npmjs.org/@camwiegert/typical/-/typical-0.1.1.tgz",
      "integrity": "sha512-4xAtH3F3uJ8boe9IPahdYFCBELmyOBwHGAn0rDO6C1rx0TuZb5f4UqfuiOQF7YiMJGCOsUIW7LyucMNnVQYsRg=="
    },
    "react-typed": {
      "version": "2.0.12",
      "resolved": "https://registry.npmjs.org/react-typed/-/react-typed-2.0.12.tgz",
      "integrity": "sha512-sn59lrb4NKgvQLDGBRWM4wRNEz5Fp37F0BrLA2cKUmDqPSyQJOOiFigz+6wJof0o99QoE16nVCa3B3ID34ejsg==",
      "requires": {
        "typed.js": "^2.1.0"
      }
    },
    "react-typical": {
      "version": "0.1.3",
      "resolved": "https://registry.npmjs.org/react-typical/-/react-typical-0.1.3.tgz",
      "integrity": "sha512-VynIYVQvAZ1Nco4C+QNEqR17STGK/xw6Dc1zNj/LuYm8fISw1Qp3q9n3hv6O3iQDLD0OWwdWKHun5oj6mCMB4A==",
      "requires": {
        "@camwiegert/typical": "^0.1.1"
      }
    },
    "typed.js": {
      "version": "2.1.0",
      "resolved": "https://registry.npmjs.org/typed.js/-/typed.js-2.1.0.tgz",
      "integrity": "sha512-bDuXEf7YcaKN4g08NMTUM6G90XU25CK3bh6U0THC/Mod/QPKlEt9g/EjvbYB8x2Qwr2p6J6I3NrsoYaVnY6wsQ=="
    }
  }
}
